
Microsoft Visual Studio Solution File, Format Version 12.00
# Visual Studio Version 17
VisualStudioVersion = 17.5.002.0
MinimumVisualStudioVersion = 10.0.40219.1
Project("{9A19103F-16F7-4668-BE54-9A1E7A4F7556}") = "backend", "backend.csproj", "{79F7D946-FC3E-4921-A105-AC9C984AD5FC}"
EndProject
Global
	GlobalSection(SolutionConfigurationPlatforms) = preSolution
		Debug|Any CPU = Debug|Any CPU
		Release|Any CPU = Release|Any CPU
	EndGlobalSection
	GlobalSection(ProjectConfigurationPlatforms) = postSolution
		{79F7D946-FC3E-4921-A105-AC9C984AD5FC}.Debug|Any CPU.ActiveCfg = Debug|Any CPU
		{79F7D946-FC3E-4921-A105-AC9C984AD5FC}.Debug|Any CPU.Build.0 = Debug|Any CPU
		{79F7D946-FC3E-4921-A105-AC9C984AD5FC}.Release|Any CPU.ActiveCfg = Release|Any CPU
		{79F7D946-FC3E-4921-A105-AC9C984AD5FC}.Release|Any CPU.Build.0 = Release|Any CPU
	EndGlobalSection
	GlobalSection(SolutionProperties) = preSolution
		HideSolutionNode = FALSE
	EndGlobalSection
	GlobalSection(ExtensibilityGlobals) = postSolution
		SolutionGuid = {9960563A-ECC4-4F47-B7A7-B7BE852736B9}
	EndGlobalSection
EndGlobal
